
Microsoft Visual Studio Solution File, Format Version 12.00
# Visual Studio Version 17
VisualStudioVersion = 17.0.31903.59
MinimumVisualStudioVersion = 10.0.40219.1
Project("{FAE04EC0-301F-11D3-BF4B-00C04F79EFBC}") = "BancoMaster.API", "BancoMaster.API\BancoMaster.API.csproj", "{E0F53D9B-7A6D-4D2E-BBDA-7425C5EBC4E0}"
EndProject
Project("{FAE04EC0-301F-11D3-BF4B-00C04F79EFBC}") = "BancoMaster.TestesUnitarios", "BancoMaster.TestesUnitarios\BancoMaster.TestesUnitarios.csproj", "{92C324A5-B2FC-434C-B9C2-F18122A8E637}"
EndProject
Project("{FAE04EC0-301F-11D3-BF4B-00C04F79EFBC}") = "BancoMaster.Infraestructure", "BancoMaster.Infraestructure\BancoMaster.Infraestructure.csproj", "{5DF35F01-4832-4C77-8BE8-3BABA4CB7F98}"
EndProject
Global
	GlobalSection(SolutionConfigurationPlatforms) = preSolution
		Debug|Any CPU = Debug|Any CPU
		Release|Any CPU = Release|Any CPU
	EndGlobalSection
	GlobalSection(SolutionProperties) = preSolution
		HideSolutionNode = FALSE
	EndGlobalSection
	GlobalSection(ProjectConfigurationPlatforms) = postSolution
		{E0F53D9B-7A6D-4D2E-BBDA-7425C5EBC4E0}.Debug|Any CPU.ActiveCfg = Debug|Any CPU
		{E0F53D9B-7A6D-4D2E-BBDA-7425C5EBC4E0}.Debug|Any CPU.Build.0 = Debug|Any CPU
		{E0F53D9B-7A6D-4D2E-BBDA-7425C5EBC4E0}.Release|Any CPU.ActiveCfg = Release|Any CPU
		{E0F53D9B-7A6D-4D2E-BBDA-7425C5EBC4E0}.Release|Any CPU.Build.0 = Release|Any CPU
		{92C324A5-B2FC-434C-B9C2-F18122A8E637}.Debug|Any CPU.ActiveCfg = Debug|Any CPU
		{92C324A5-B2FC-434C-B9C2-F18122A8E637}.Debug|Any CPU.Build.0 = Debug|Any CPU
		{92C324A5-B2FC-434C-B9C2-F18122A8E637}.Release|Any CPU.ActiveCfg = Release|Any CPU
		{92C324A5-B2FC-434C-B9C2-F18122A8E637}.Release|Any CPU.Build.0 = Release|Any CPU
		{5DF35F01-4832-4C77-8BE8-3BABA4CB7F98}.Debug|Any CPU.ActiveCfg = Debug|Any CPU
		{5DF35F01-4832-4C77-8BE8-3BABA4CB7F98}.Debug|Any CPU.Build.0 = Debug|Any CPU
		{5DF35F01-4832-4C77-8BE8-3BABA4CB7F98}.Release|Any CPU.ActiveCfg = Release|Any CPU
		{5DF35F01-4832-4C77-8BE8-3BABA4CB7F98}.Release|Any CPU.Build.0 = Release|Any CPU
	EndGlobalSection
EndGlobal
